// !$*UTF8*$!
{
	archiveVersion = 1;
	classes = {
	};
	objectVersion = 56;
	objects = {

/* Begin PBXBuildFile section */
		38A0770B2A6E1F2B00DD61E7 /* AppDelegate.swift in Sources */ = {isa = PBXBuildFile; fileRef = 38A0770A2A6E1F2B00DD61E7 /* AppDelegate.swift */; };
		38A0770D2A6E1F2B00DD61E7 /* SceneDelegate.swift in Sources */ = {isa = PBXBuildFile; fileRef = 38A0770C2A6E1F2B00DD61E7 /* SceneDelegate.swift */; };
		38A077122A6E1F2B00DD61E7 /* Main.storyboard in Resources */ = {isa = PBXBuildFile; fileRef = 38A077102A6E1F2B00DD61E7 /* Main.storyboard */; };
		38A077142A6E1F2D00DD61E7 /* Assets.xcassets in Resources */ = {isa = PBXBuildFile; fileRef = 38A077132A6E1F2D00DD61E7 /* Assets.xcassets */; };
		38A077172A6E1F2D00DD61E7 /* LaunchScreen.storyboard in Resources */ = {isa = PBXBuildFile; fileRef = 38A077152A6E1F2D00DD61E7 /* LaunchScreen.storyboard */; };
		38A0771F2A6E22B800DD61E7 /* OnboardingPageViewController.swift in Sources */ = {isa = PBXBuildFile; fileRef = 38A0771E2A6E22B800DD61E7 /* OnboardingPageViewController.swift */; };
		38A077252A6E259300DD61E7 /* Poppins-SemiBold.ttf in Resources */ = {isa = PBXBuildFile; fileRef = 38A077222A6E259300DD61E7 /* Poppins-SemiBold.ttf */; };
		38A077262A6E259300DD61E7 /* Poppins-Regular.ttf in Resources */ = {isa = PBXBuildFile; fileRef = 38A077232A6E259300DD61E7 /* Poppins-Regular.ttf */; };
		38A077272A6E259300DD61E7 /* Poppins-Bold.ttf in Resources */ = {isa = PBXBuildFile; fileRef = 38A077242A6E259300DD61E7 /* Poppins-Bold.ttf */; };
/* End PBXBuildFile section */

/* Begin PBXFileReference section */
		38A077072A6E1F2B00DD61E7 /* OnBoardingMobileApp.app */ = {isa = PBXFileReference; explicitFileType = wrapper.application; includeInIndex = 0; path = OnBoardingMobileApp.app; sourceTree = BUILT_PRODUCTS_DIR; };
		38A0770A2A6E1F2B00DD61E7 /* AppDelegate.swift */ = {isa = PBXFileReference; lastKnownFileType = sourcecode.swift; path = AppDelegate.swift; sourceTree = "<group>"; };
		38A0770C2A6E1F2B00DD61E7 /* SceneDelegate.swift */ = {isa = PBXFileReference; lastKnownFileType = sourcecode.swift; path = SceneDelegate.swift; sourceTree = "<group>"; };
		38A077112A6E1F2B00DD61E7 /* Base */ = {isa = PBXFileReference; lastKnownFileType = file.storyboard; name = Base; path = Base.lproj/Main.storyboard; sourceTree = "<group>"; };
		38A077132A6E1F2D00DD61E7 /* Assets.xcassets */ = {isa = PBXFileReference; lastKnownFileType = folder.assetcatalog; path = Assets.xcassets; sourceTree = "<group>"; };
		38A077162A6E1F2D00DD61E7 /* Base */ = {isa = PBXFileReference; lastKnownFileType = file.storyboard; name = Base; path = Base.lproj/LaunchScreen.storyboard; sourceTree = "<group>"; };
		38A077182A6E1F2D00DD61E7 /* Info.plist */ = {isa = PBXFileReference; lastKnownFileType = text.plist.xml; path = Info.plist; sourceTree = "<group>"; };
		38A0771E2A6E22B800DD61E7 /* OnboardingPageViewController.swift */ = {isa = PBXFileReference; lastKnownFileType = sourcecode.swift; path = OnboardingPageViewController.swift; sourceTree = "<group>"; };
		38A077222A6E259300DD61E7 /* Poppins-SemiBold.ttf */ = {isa = PBXFileReference; lastKnownFileType = file; name = "Poppins-SemiBold.ttf"; path = "../../../../Downloads/Poppins/Poppins-SemiBold.ttf"; sourceTree = "<group>"; };
		38A077232A6E259300DD61E7 /* Poppins-Regular.ttf */ = {isa = PBXFileReference; lastKnownFileType = file; name = "Poppins-Regular.ttf"; path = "../../../../Downloads/Poppins/Poppins-Regular.ttf"; sourceTree = "<group>"; };
		38A077242A6E259300DD61E7 /* Poppins-Bold.ttf */ = {isa = PBXFileReference; lastKnownFileType = file; name = "Poppins-Bold.ttf"; path = "../../../../Downloads/Poppins/Poppins-Bold.ttf"; sourceTree = "<group>"; };
/* End PBXFileReference section */

/* Begin PBXFrameworksBuildPhase section */
		38A077042A6E1F2B00DD61E7 /* Frameworks */ = {
			isa = PBXFrameworksBuildPhase;
			buildActionMask = 2147483647;
			files = (
			);
			runOnlyForDeploymentPostprocessing = 0;
		};
/* End PBXFrameworksBuildPhase section */

/* Begin PBXGroup section */
		38A076FE2A6E1F2B00DD61E7 = {
			isa = PBXGroup;
			children = (
				38A077092A6E1F2B00DD61E7 /* OnBoardingMobileApp */,
				38A077082A6E1F2B00DD61E7 /* Products */,
			);
			sourceTree = "<group>";
		};
		38A077082A6E1F2B00DD61E7 /* Products */ = {
			isa = PBXGroup;
			children = (
				38A077072A6E1F2B00DD61E7 /* OnBoardingMobileApp.app */,
			);
			name = Products;
			sourceTree = "<group>";
		};
		38A077092A6E1F2B00DD61E7 /* OnBoardingMobileApp */ = {
			isa = PBXGroup;
			children = (
				38A077212A6E257400DD61E7 /* Fonts */,
				38A077202A6E256200DD61E7 /* Controllers */,
				38A0770A2A6E1F2B00DD61E7 /* AppDelegate.swift */,
				38A0770C2A6E1F2B00DD61E7 /* SceneDelegate.swift */,
				38A077102A6E1F2B00DD61E7 /* Main.storyboard */,
				38A077132A6E1F2D00DD61E7 /* Assets.xcassets */,
				38A077152A6E1F2D00DD61E7 /* LaunchScreen.storyboard */,
				38A077182A6E1F2D00DD61E7 /* Info.plist */,
			);
			path = OnBoardingMobileApp;
			sourceTree = "<group>";
		};
		38A077202A6E256200DD61E7 /* Controllers */ = {
			isa = PBXGroup;
			children = (
				38A0771E2A6E22B800DD61E7 /* OnboardingPageViewController.swift */,
			);
			path = Controllers;
			sourceTree = "<group>";
		};
		38A077212A6E257400DD61E7 /* Fonts */ = {
			isa = PBXGroup;
			children = (
				38A077242A6E259300DD61E7 /* Poppins-Bold.ttf */,
				38A077232A6E259300DD61E7 /* Poppins-Regular.ttf */,
				38A077222A6E259300DD61E7 /* Poppins-SemiBold.ttf */,
			);
			path = Fonts;
			sourceTree = "<group>";
		};
/* End PBXGroup section */

/* Begin PBXNativeTarget section */
		38A077062A6E1F2B00DD61E7 /* OnBoardingMobileApp */ = {
			isa = PBXNativeTarget;
			buildConfigurationList = 38A0771B2A6E1F2D00DD61E7 /* Build configuration list for PBXNativeTarget "OnBoardingMobileApp" */;
			buildPhases = (
				38A077032A6E1F2B00DD61E7 /* Sources */,
				38A077042A6E1F2B00DD61E7 /* Frameworks */,
				38A077052A6E1F2B00DD61E7 /* Resources */,
			);
			buildRules = (
			);
			dependencies = (
			);
			name = OnBoardingMobileApp;
			productName = OnBoardingMobileApp;
			productReference = 38A077072A6E1F2B00DD61E7 /* OnBoardingMobileApp.app */;
			productType = "com.apple.product-type.application";
		};
/* End PBXNativeTarget section */

/* Begin PBXProject section */
		38A076FF2A6E1F2B00DD61E7 /* Project object */ = {
			isa = PBXProject;
			attributes = {
				BuildIndependentTargetsInParallel = 1;
				LastSwiftUpdateCheck = 1420;
				LastUpgradeCheck = 1420;
				TargetAttributes = {
					38A077062A6E1F2B00DD61E7 = {
						CreatedOnToolsVersion = 14.2;
					};
				};
			};
			buildConfigurationList = 38A077022A6E1F2B00DD61E7 /* Build configuration list for PBXProject "OnBoardingMobileApp" */;
			compatibilityVersion = "Xcode 14.0";
			developmentRegion = en;
			hasScannedForEncodings = 0;
			knownRegions = (
				en,
				Base,
			);
			mainGroup = 38A076FE2A6E1F2B00DD61E7;
			productRefGroup = 38A077082A6E1F2B00DD61E7 /* Products */;
			projectDirPath = "";
			projectRoot = "";
			targets = (
				38A077062A6E1F2B00DD61E7 /* OnBoardingMobileApp */,
			);
		};
/* End PBXProject section */

/* Begin PBXResourcesBuildPhase section */
		38A077052A6E1F2B00DD61E7 /* Resources */ = {
			isa = PBXResourcesBuildPhase;
			buildActionMask = 2147483647;
			files = (
				38A077172A6E1F2D00DD61E7 /* LaunchScreen.storyboard in Resources */,
				38A077272A6E259300DD61E7 /* Poppins-Bold.ttf in Resources */,
				38A077252A6E259300DD61E7 /* Poppins-SemiBold.ttf in Resources */,
				38A077142A6E1F2D00DD61E7 /* Assets.xcassets in Resources */,
				38A077122A6E1F2B00DD61E7 /* Main.storyboard in Resources */,
				38A077262A6E259300DD61E7 /* Poppins-Regular.ttf in Resources */,
			);
			runOnlyForDeploymentPostprocessing = 0;
		};
/* End PBXResourcesBuildPhase section */

/* Begin PBXSourcesBuildPhase section */
		38A077032A6E1F2B00DD61E7 /* Sources */ = {
			isa = PBXSourcesBuildPhase;
			buildActionMask = 2147483647;
			files = (
				38A0771F2A6E22B800DD61E7 /* OnboardingPageViewController.swift in Sources */,
				38A0770B2A6E1F2B00DD61E7 /* AppDelegate.swift in Sources */,
				38A0770D2A6E1F2B00DD61E7 /* SceneDelegate.swift in Sources */,
			);
			runOnlyForDeploymentPostprocessing = 0;
		};
/* End PBXSourcesBuildPhase section */

/* Begin PBXVariantGroup section */
		38A077102A6E1F2B00DD61E7 /* Main.storyboard */ = {
			isa = PBXVariantGroup;
			children = (
				38A077112A6E1F2B00DD61E7 /* Base */,
			);
			name = Main.storyboard;
			sourceTree = "<group>";
		};
		38A077152A6E1F2D00DD61E7 /* LaunchScreen.storyboard */ = {
			isa = PBXVariantGroup;
			children = (
				38A077162A6E1F2D00DD61E7 /* Base */,
			);
			name = LaunchScreen.storyboard;
			sourceTree = "<group>";
		};
/* End PBXVariantGroup section */

/* Begin XCBuildConfiguration section */
		38A077192A6E1F2D00DD61E7 /* Debug */ = {
			isa = XCBuildConfiguration;
			buildSettings = {
				ALWAYS_SEARCH_USER_PATHS = NO;
				CLANG_ANALYZER_NONNULL = YES;
				CLANG_ANALYZER_NUMBER_OBJECT_CONVERSION = YES_AGGRESSIVE;
				CLANG_CXX_LANGUAGE_STANDARD = "gnu++20";
				CLANG_ENABLE_MODULES = YES;
				CLANG_ENABLE_OBJC_ARC = YES;
				CLANG_ENABLE_OBJC_WEAK = YES;
				CLANG_WARN_BLOCK_CAPTURE_AUTORELEASING = YES;
				CLANG_WARN_BOOL_CONVERSION = YES;
				CLANG_WARN_COMMA = YES;
				CLANG_WARN_CONSTANT_CONVERSION = YES;
				CLANG_WARN_DEPRECATED_OBJC_IMPLEMENTATIONS = YES;
				CLANG_WARN_DIRECT_OBJC_ISA_USAGE = YES_ERROR;
				CLANG_WARN_DOCUMENTATION_COMMENTS = YES;
				CLANG_WARN_EMPTY_BODY = YES;
				CLANG_WARN_ENUM_CONVERSION = YES;
				CLANG_WARN_INFINITE_RECURSION = YES;
				CLANG_WARN_INT_CONVERSION = YES;
				CLANG_WARN_NON_LITERAL_NULL_CONVERSION = YES;
				CLANG_WARN_OBJC_IMPLICIT_RETAIN_SELF = YES;
				CLANG_WARN_OBJC_LITERAL_CONVERSION = YES;
				CLANG_WARN_OBJC_ROOT_CLASS = YES_ERROR;
				CLANG_WARN_QUOTED_INCLUDE_IN_FRAMEWORK_HEADER = YES;
				CLANG_WARN_RANGE_LOOP_ANALYSIS = YES;
				CLANG_WARN_STRICT_PROTOTYPES = YES;
				CLANG_WARN_SUSPICIOUS_MOVE = YES;
				CLANG_WARN_UNGUARDED_AVAILABILITY = YES_AGGRESSIVE;
				CLANG_WARN_UNREACHABLE_CODE = YES;
				CLANG_WARN__DUPLICATE_METHOD_MATCH = YES;
				COPY_PHASE_STRIP = NO;
				DEBUG_INFORMATION_FORMAT = dwarf;
				ENABLE_STRICT_OBJC_MSGSEND = YES;
				ENABLE_TESTABILITY = YES;
				GCC_C_LANGUAGE_STANDARD = gnu11;
				GCC_DYNAMIC_NO_PIC = NO;
				GCC_NO_COMMON_BLOCKS = YES;
				GCC_OPTIMIZATION_LEVEL = 0;
				GCC_PREPROCESSOR_DEFINITIONS = (
					"DEBUG=1",
					"$(inherited)",
				);
				GCC_WARN_64_TO_32_BIT_CONVERSION = YES;
				GCC_WARN_ABOUT_RETURN_TYPE = YES_ERROR;
				GCC_WARN_UNDECLARED_SELECTOR = YES;
				GCC_WARN_UNINITIALIZED_AUTOS = YES_AGGRESSIVE;
				GCC_WARN_UNUSED_FUNCTION = YES;
				GCC_WARN_UNUSED_VARIABLE = YES;
				IPHONEOS_DEPLOYMENT_TARGET = 16.2;
				MTL_ENABLE_DEBUG_INFO = INCLUDE_SOURCE;
				MTL_FAST_MATH = YES;
				ONLY_ACTIVE_ARCH = YES;
				SDKROOT = iphoneos;
				SWIFT_ACTIVE_COMPILATION_CONDITIONS = DEBUG;
				SWIFT_OPTIMIZATION_LEVEL = "-Onone";
			};
			name = Debug;
		};
		38A0771A2A6E1F2D00DD61E7 /* Release */ = {
			isa = XCBuildConfiguration;
			buildSettings = {
				ALWAYS_SEARCH_USER_PATHS = NO;
				CLANG_ANALYZER_NONNULL = YES;
				CLANG_ANALYZER_NUMBER_OBJECT_CONVERSION = YES_AGGRESSIVE;
				CLANG_CXX_LANGUAGE_STANDARD = "gnu++20";
				CLANG_ENABLE_MODULES = YES;
				CLANG_ENABLE_OBJC_ARC = YES;
				CLANG_ENABLE_OBJC_WEAK = YES;
				CLANG_WARN_BLOCK_CAPTURE_AUTORELEASING = YES;
				CLANG_WARN_BOOL_CONVERSION = YES;
				CLANG_WARN_COMMA = YES;
				CLANG_WARN_CONSTANT_CONVERSION = YES;
				CLANG_WARN_DEPRECATED_OBJC_IMPLEMENTATIONS = YES;
				CLANG_WARN_DIRECT_OBJC_ISA_USAGE = YES_ERROR;
				CLANG_WARN_DOCUMENTATION_COMMENTS = YES;
				CLANG_WARN_EMPTY_BODY = YES;
				CLANG_WARN_ENUM_CONVERSION = YES;
				CLANG_WARN_INFINITE_RECURSION = YES;
				CLANG_WARN_INT_CONVERSION = YES;
				CLANG_WARN_NON_LITERAL_NULL_CONVERSION = YES;
				CLANG_WARN_OBJC_IMPLICIT_RETAIN_SELF = YES;
				CLANG_WARN_OBJC_LITERAL_CONVERSION = YES;
				CLANG_WARN_OBJC_ROOT_CLASS = YES_ERROR;
				CLANG_WARN_QUOTED_INCLUDE_IN_FRAMEWORK_HEADER = YES;
				CLANG_WARN_RANGE_LOOP_ANALYSIS = YES;
				CLANG_WARN_STRICT_PROTOTYPES = YES;
				CLANG_WARN_SUSPICIOUS_MOVE = YES;
				CLANG_WARN_UNGUARDED_AVAILABILITY = YES_AGGRESSIVE;
				CLANG_WARN_UNREACHABLE_CODE = YES;
				CLANG_WARN__DUPLICATE_METHOD_MATCH = YES;
				COPY_PHASE_STRIP = NO;
				DEBUG_INFORMATION_FORMAT = "dwarf-with-dsym";
				ENABLE_NS_ASSERTIONS = NO;
				ENABLE_STRICT_OBJC_MSGSEND = YES;
				GCC_C_LANGUAGE_STANDARD = gnu11;
				GCC_NO_COMMON_BLOCKS = YES;
				GCC_WARN_64_TO_32_BIT_CONVERSION = YES;
				GCC_WARN_ABOUT_RETURN_TYPE = YES_ERROR;
				GCC_WARN_UNDECLARED_SELECTOR = YES;
				GCC_WARN_UNINITIALIZED_AUTOS = YES_AGGRESSIVE;
				GCC_WARN_UNUSED_FUNCTION = YES;
				GCC_WARN_UNUSED_VARIABLE = YES;
				IPHONEOS_DEPLOYMENT_TARGET = 16.2;
				MTL_ENABLE_DEBUG_INFO = NO;
				MTL_FAST_MATH = YES;
				SDKROOT = iphoneos;
				SWIFT_COMPILATION_MODE = wholemodule;
				SWIFT_OPTIMIZATION_LEVEL = "-O";
				VALIDATE_PRODUCT = YES;
			};
			name = Release;
		};
		38A0771C2A6E1F2D00DD61E7 /* Debug */ = {
			isa = XCBuildConfiguration;
			buildSettings = {
				ASSETCATALOG_COMPILER_APPICON_NAME = AppIcon;
				ASSETCATALOG_COMPILER_GLOBAL_ACCENT_COLOR_NAME = AccentColor;
				CODE_SIGN_STYLE = Automatic;
				CURRENT_PROJECT_VERSION = 1;
				DEVELOPMENT_TEAM = A2WQZ32XVK;
				GENERATE_INFOPLIST_FILE = YES;
				INFOPLIST_FILE = OnBoardingMobileApp/Info.plist;
				INFOPLIST_KEY_UIApplicationSupportsIndirectInputEvents = YES;
				INFOPLIST_KEY_UILaunchStoryboardName = LaunchScreen;
				INFOPLIST_KEY_UIMainStoryboardFile = Main;
				INFOPLIST_KEY_UISupportedInterfaceOrientations_iPad = "UIInterfaceOrientationPortrait UIInterfaceOrientationPortraitUpsideDown UIInterfaceOrientationLandscapeLeft UIInterfaceOrientationLandscapeRight";
				INFOPLIST_KEY_UISupportedInterfaceOrientations_iPhone = "UIInterfaceOrientationPortrait UIInterfaceOrientationLandscapeLeft UIInterfaceOrientationLandscapeRight";
				LD_RUNPATH_SEARCH_PATHS = (
					"$(inherited)",
					"@executable_path/Frameworks",
				);
				MARKETING_VERSION = 1.0;
				PRODUCT_BUNDLE_IDENTIFIER = com.dimaswisodewo.OnBoardingMobileApp;
				PRODUCT_NAME = "$(TARGET_NAME)";
				SWIFT_EMIT_LOC_STRINGS = YES;
				SWIFT_VERSION = 5.0;
				TARGETED_DEVICE_FAMILY = "1,2";
			};
			name = Debug;
		};
		38A0771D2A6E1F2D00DD61E7 /* Release */ = {
			isa = XCBuildConfiguration;
			buildSettings = {
				ASSETCATALOG_COMPILER_APPICON_NAME = AppIcon;
				ASSETCATALOG_COMPILER_GLOBAL_ACCENT_COLOR_NAME = AccentColor;
				CODE_SIGN_STYLE = Automatic;
				CURRENT_PROJECT_VERSION = 1;
				DEVELOPMENT_TEAM = A2WQZ32XVK;
				GENERATE_INFOPLIST_FILE = YES;
				INFOPLIST_FILE = OnBoardingMobileApp/Info.plist;
				INFOPLIST_KEY_UIApplicationSupportsIndirectInputEvents = YES;
				INFOPLIST_KEY_UILaunchStoryboardName = LaunchScreen;
				INFOPLIST_KEY_UIMainStoryboardFile = Main;
				INFOPLIST_KEY_UISupportedInterfaceOrientations_iPad = "UIInterfaceOrientationPortrait UIInterfaceOrientationPortraitUpsideDown UIInterfaceOrientationLandscapeLeft UIInterfaceOrientationLandscapeRight";
				INFOPLIST_KEY_UISupportedInterfaceOrientations_iPhone = "UIInterfaceOrientationPortrait UIInterfaceOrientationLandscapeLeft UIInterfaceOrientationLandscapeRight";
				LD_RUNPATH_SEARCH_PATHS = (
					"$(inherited)",
					"@executable_path/Frameworks",
				);
				MARKETING_VERSION = 1.0;
				PRODUCT_BUNDLE_IDENTIFIER = com.dimaswisodewo.OnBoardingMobileApp;
				PRODUCT_NAME = "$(TARGET_NAME)";
				SWIFT_EMIT_LOC_STRINGS = YES;
				SWIFT_VERSION = 5.0;
				TARGETED_DEVICE_FAMILY = "1,2";
			};
			name = Release;
		};
/* End XCBuildConfiguration section */

/* Begin XCConfigurationList section */
		38A077022A6E1F2B00DD61E7 /* Build configuration list for PBXProject "OnBoardingMobileApp" */ = {
			isa = XCConfigurationList;
			buildConfigurations = (
				38A077192A6E1F2D00DD61E7 /* Debug */,
				38A0771A2A6E1F2D00DD61E7 /* Release */,
			);
			defaultConfigurationIsVisible = 0;
			defaultConfigurationName = Release;
		};
		38A0771B2A6E1F2D00DD61E7 /* Build configuration list for PBXNativeTarget "OnBoardingMobileApp" */ = {
			isa = XCConfigurationList;
			buildConfigurations = (
				38A0771C2A6E1F2D00DD61E7 /* Debug */,
				38A0771D2A6E1F2D00DD61E7 /* Release */,
			);
			defaultConfigurationIsVisible = 0;
			defaultConfigurationName = Release;
		};
/* End XCConfigurationList section */
	};
	rootObject = 38A076FF2A6E1F2B00DD61E7 /* Project object */;
}
